
Microsoft Visual Studio Solution File, Format Version 12.00
# Visual Studio Version 17
VisualStudioVersion = 17.4.33213.308
MinimumVisualStudioVersion = 10.0.40219.1
Project("{FAE04EC0-301F-11D3-BF4B-00C04F79EFBC}") = "Collection", "Collection\Collection.csproj", "{ECB9EC33-C396-4E6B-8671-8B1BB704D1A2}"
EndProject
Project("{FAE04EC0-301F-11D3-BF4B-00C04F79EFBC}") = "Collection.UnitTests", "Collection.UnitTests\Collection.UnitTests.csproj", "{21787AEB-5A81-445F-8FD8-C0C194D95A73}"
EndProject
Global
	GlobalSection(SolutionConfigurationPlatforms) = preSolution
		Debug|Any CPU = Debug|Any CPU
		Release|Any CPU = Release|Any CPU
	EndGlobalSection
	GlobalSection(ProjectConfigurationPlatforms) = postSolution
		{ECB9EC33-C396-4E6B-8671-8B1BB704D1A2}.Debug|Any CPU.ActiveCfg = Debug|Any CPU
		{ECB9EC33-C396-4E6B-8671-8B1BB704D1A2}.Debug|Any CPU.Build.0 = Debug|Any CPU
		{ECB9EC33-C396-4E6B-8671-8B1BB704D1A2}.Release|Any CPU.ActiveCfg = Release|Any CPU
		{ECB9EC33-C396-4E6B-8671-8B1BB704D1A2}.Release|Any CPU.Build.0 = Release|Any CPU
		{21787AEB-5A81-445F-8FD8-C0C194D95A73}.Debug|Any CPU.ActiveCfg = Debug|Any CPU
		{21787AEB-5A81-445F-8FD8-C0C194D95A73}.Debug|Any CPU.Build.0 = Debug|Any CPU
		{21787AEB-5A81-445F-8FD8-C0C194D95A73}.Release|Any CPU.ActiveCfg = Release|Any CPU
		{21787AEB-5A81-445F-8FD8-C0C194D95A73}.Release|Any CPU.Build.0 = Release|Any CPU
	EndGlobalSection
	GlobalSection(SolutionProperties) = preSolution
		HideSolutionNode = FALSE
	EndGlobalSection
	GlobalSection(ExtensibilityGlobals) = postSolution
		SolutionGuid = {F7033C06-7675-4106-90A3-543CEF26E39A}
	EndGlobalSection
EndGlobal
